
Microsoft Visual Studio Solution File, Format Version 12.00
# Visual Studio Version 16
VisualStudioVersion = 16.0.31729.503
MinimumVisualStudioVersion = 10.0.40219.1
Project("{8BC9CEB8-8B4A-11D0-8D11-00A0C91BC942}") = "删除字符串中指定字母", "删除字符串中指定字母\删除字符串中指定字母.vcxproj", "{274027DA-01EC-4315-894E-0C66186BA829}"
EndProject
Global
	GlobalSection(SolutionConfigurationPlatforms) = preSolution
		Debug|x64 = Debug|x64
		Debug|x86 = Debug|x86
		Release|x64 = Release|x64
		Release|x86 = Release|x86
	EndGlobalSection
	GlobalSection(ProjectConfigurationPlatforms) = postSolution
		{274027DA-01EC-4315-894E-0C66186BA829}.Debug|x64.ActiveCfg = Debug|x64
		{274027DA-01EC-4315-894E-0C66186BA829}.Debug|x64.Build.0 = Debug|x64
		{274027DA-01EC-4315-894E-0C66186BA829}.Debug|x86.ActiveCfg = Debug|Win32
		{274027DA-01EC-4315-894E-0C66186BA829}.Debug|x86.Build.0 = Debug|Win32
		{274027DA-01EC-4315-894E-0C66186BA829}.Release|x64.ActiveCfg = Release|x64
		{274027DA-01EC-4315-894E-0C66186BA829}.Release|x64.Build.0 = Release|x64
		{274027DA-01EC-4315-894E-0C66186BA829}.Release|x86.ActiveCfg = Release|Win32
		{274027DA-01EC-4315-894E-0C66186BA829}.Release|x86.Build.0 = Release|Win32
	EndGlobalSection
	GlobalSection(SolutionProperties) = preSolution
		HideSolutionNode = FALSE
	EndGlobalSection
	GlobalSection(ExtensibilityGlobals) = postSolution
		SolutionGuid = {73B4AF0C-DE24-4C35-AAE6-77AC51729C01}
	EndGlobalSection
EndGlobal
